
Microsoft Visual Studio Solution File, Format Version 12.00
# Visual Studio Version 16
VisualStudioVersion = 25.0.1706.0
MinimumVisualStudioVersion = 10.0.40219.1
Project("{FAE04EC0-301F-11D3-BF4B-00C04F79EFBC}") = "Exercises", "Exercises\Exercises.csproj", "{B187900B-5DC7-49C7-AF85-4C0A72DFEABF}"
EndProject
Global
	GlobalSection(SolutionConfigurationPlatforms) = preSolution
		Debug|Any CPU = Debug|Any CPU
		Release|Any CPU = Release|Any CPU
	EndGlobalSection
	GlobalSection(ProjectConfigurationPlatforms) = postSolution
		{B187900B-5DC7-49C7-AF85-4C0A72DFEABF}.Debug|Any CPU.ActiveCfg = Debug|Any CPU
		{B187900B-5DC7-49C7-AF85-4C0A72DFEABF}.Debug|Any CPU.Build.0 = Debug|Any CPU
		{B187900B-5DC7-49C7-AF85-4C0A72DFEABF}.Release|Any CPU.ActiveCfg = Release|Any CPU
		{B187900B-5DC7-49C7-AF85-4C0A72DFEABF}.Release|Any CPU.Build.0 = Release|Any CPU
	EndGlobalSection
	GlobalSection(SolutionProperties) = preSolution
		HideSolutionNode = FALSE
	EndGlobalSection
	GlobalSection(ExtensibilityGlobals) = postSolution
		SolutionGuid = {413225CB-29A3-4652-89B2-2BF4DBEC1346}
	EndGlobalSection
EndGlobal
